
Microsoft Visual Studio Solution File, Format Version 12.00
# Visual Studio Version 17
VisualStudioVersion = 17.12.35521.163 d17.12
MinimumVisualStudioVersion = 10.0.40219.1
Project("{FAE04EC0-301F-11D3-BF4B-00C04F79EFBC}") = "MessageToFuture", "MessageToFuture\MessageToFuture.csproj", "{D3541D1A-6666-43BF-94D7-358C636BEBBF}"
EndProject
Global
	GlobalSection(SolutionConfigurationPlatforms) = preSolution
		Debug|Any CPU = Debug|Any CPU
		Release|Any CPU = Release|Any CPU
	EndGlobalSection
	GlobalSection(ProjectConfigurationPlatforms) = postSolution
		{D3541D1A-6666-43BF-94D7-358C636BEBBF}.Debug|Any CPU.ActiveCfg = Debug|Any CPU
		{D3541D1A-6666-43BF-94D7-358C636BEBBF}.Debug|Any CPU.Build.0 = Debug|Any CPU
		{D3541D1A-6666-43BF-94D7-358C636BEBBF}.Release|Any CPU.ActiveCfg = Release|Any CPU
		{D3541D1A-6666-43BF-94D7-358C636BEBBF}.Release|Any CPU.Build.0 = Release|Any CPU
	EndGlobalSection
	GlobalSection(SolutionProperties) = preSolution
		HideSolutionNode = FALSE
	EndGlobalSection
EndGlobal
